
Microsoft Visual Studio Solution File, Format Version 12.00
# Visual Studio 15
VisualStudioVersion = 15.0.28010.2046
MinimumVisualStudioVersion = 10.0.40219.1
Project("{FAE04EC0-301F-11D3-BF4B-00C04F79EFBC}") = "EsercizioNatale3", "EsercizioNatale3\EsercizioNatale3.csproj", "{0DFC9DD3-A556-4D1C-9807-643F3AEC3246}"
EndProject
Global
	GlobalSection(SolutionConfigurationPlatforms) = preSolution
		Debug|Any CPU = Debug|Any CPU
		Release|Any CPU = Release|Any CPU
	EndGlobalSection
	GlobalSection(ProjectConfigurationPlatforms) = postSolution
		{0DFC9DD3-A556-4D1C-9807-643F3AEC3246}.Debug|Any CPU.ActiveCfg = Debug|Any CPU
		{0DFC9DD3-A556-4D1C-9807-643F3AEC3246}.Debug|Any CPU.Build.0 = Debug|Any CPU
		{0DFC9DD3-A556-4D1C-9807-643F3AEC3246}.Release|Any CPU.ActiveCfg = Release|Any CPU
		{0DFC9DD3-A556-4D1C-9807-643F3AEC3246}.Release|Any CPU.Build.0 = Release|Any CPU
	EndGlobalSection
	GlobalSection(SolutionProperties) = preSolution
		HideSolutionNode = FALSE
	EndGlobalSection
	GlobalSection(ExtensibilityGlobals) = postSolution
		SolutionGuid = {87445ACD-6ADE-4BEA-8A92-700E0B334B3B}
	EndGlobalSection
EndGlobal
